// !$*UTF8*$!
{
	archiveVersion = 1;
	classes = {
	};
	objectVersion = 77;
	objects = {

/* Begin PBXBuildFile section */
		00F9DD5B3772DF4475B49FB4 /* KeychainHelper.swift in Sources */ = {isa = PBXBuildFile; fileRef = 7533AA628239CD95A1BB7DAB /* KeychainHelper.swift */; };
		0193E8139416165DD5F95134 /* UserNotifications.framework in Frameworks */ = {isa = PBXBuildFile; fileRef = 31CA662E88D9CC904DE604EA /* UserNotifications.framework */; };
		0396977424280A65BFABC595 /* Libbox.xcframework in Frameworks */ = {isa = PBXBuildFile; fileRef = CF63E2AA443EBEDBDD3E6F96 /* Libbox.xcframework */; };
		04AA5CC650B281660752FECB /* Theme.swift in Sources */ = {isa = PBXBuildFile; fileRef = 90C675EE4BC46E36EF3C1526 /* Theme.swift */; };
		062C9720B09E7B6E4559448B /* LegalView.swift in Sources */ = {isa = PBXBuildFile; fileRef = 66D68BA1C481D2B9ADA57782 /* LegalView.swift */; };
		081E456DF9B0BD87196922CB /* MainViewCalm.swift in Sources */ = {isa = PBXBuildFile; fileRef = 4545A683D59645E6F742DA60 /* MainViewCalm.swift */; };
		08EC5AE40DE6F9E6FE01776D /* SubscriptionManager.swift in Sources */ = {isa = PBXBuildFile; fileRef = 097E8757B669C10962043BA0 /* SubscriptionManager.swift */; };
		08EF71896CDBC3641CC89BB6 /* GoogleAuthCoordinator.swift in Sources */ = {isa = PBXBuildFile; fileRef = 71F5289E1CB7690C10958EE8 /* GoogleAuthCoordinator.swift */; };
		095A6578B8F39B881C960CAC /* GoogleAuthCoordinator.swift in Sources */ = {isa = PBXBuildFile; fileRef = 71F5289E1CB7690C10958EE8 /* GoogleAuthCoordinator.swift */; };
		09C33A9ABE8DDBEB412B223F /* PlatformViewExtensions.swift in Sources */ = {isa = PBXBuildFile; fileRef = EAADCF80D8C25BF1B60CBAE1 /* PlatformViewExtensions.swift */; };
		09ECF14C8E7331F1E2FF9C90 /* ThemeManager.swift in Sources */ = {isa = PBXBuildFile; fileRef = BBBD6B44CB0BDD1033E4BAC3 /* ThemeManager.swift */; };
		0E6AB9E5878F4737F2634344 /* PlatformViewExtensions.swift in Sources */ = {isa = PBXBuildFile; fileRef = EAADCF80D8C25BF1B60CBAE1 /* PlatformViewExtensions.swift */; };
		0EF76BB6F18708E0CF845696 /* OnboardingView.swift in Sources */ = {isa = PBXBuildFile; fileRef = FDB36CA61FDCF04FCAF6AA68 /* OnboardingView.swift */; };
		0F65F443B84C6397E38420E3 /* ExtensionPlatformInterface.swift in Sources */ = {isa = PBXBuildFile; fileRef = B2E3733BE657BF5D349C4AB1 /* ExtensionPlatformInterface.swift */; };
		1050DEA8FE7B85C7A6DB28F5 /* ConfigStore.swift in Sources */ = {isa = PBXBuildFile; fileRef = FC1427098EF08CEAC700CD2C /* ConfigStore.swift */; };
		10B6986CBF783A2FC5E95116 /* UniformTypeIdentifiers.framework in Frameworks */ = {isa = PBXBuildFile; fileRef = A9CC086707BD28C31BF3AA01 /* UniformTypeIdentifiers.framework */; };
		12FDAC6EE656EC2521C99992 /* MainViewNeon.swift in Sources */ = {isa = PBXBuildFile; fileRef = 037DF0618BBBAAB963EC62E8 /* MainViewNeon.swift */; };
		130857E7463F97F888385243 /* Localizable.strings in Resources */ = {isa = PBXBuildFile; fileRef = 0BACAB5F6AA66627BF0F2610 /* Localizable.strings */; };
		1639800AC026FEED8D23E662 /* Libbox.xcframework in Frameworks */ = {isa = PBXBuildFile; fileRef = CF63E2AA443EBEDBDD3E6F96 /* Libbox.xcframework */; };
		174BA796324D1262391875BC /* ConfigSanitizer.swift in Sources */ = {isa = PBXBuildFile; fileRef = D4016E60CA086754CC1BBF19 /* ConfigSanitizer.swift */; };
		1CC85EA650A8633421685E2E /* ConfigStore.swift in Sources */ = {isa = PBXBuildFile; fileRef = FC1427098EF08CEAC700CD2C /* ConfigStore.swift */; };
		1FE433EC194702B645C0660A /* Constants.swift in Sources */ = {isa = PBXBuildFile; fileRef = A45618245E5FC7F91A354178 /* Constants.swift */; };
		2038895901967E465B2724F6 /* TunnelFileLogger.swift in Sources */ = {isa = PBXBuildFile; fileRef = 11753AAE7E8E48B9A694425D /* TunnelFileLogger.swift */; };
		20628C83DF384EC1D71F3583 /* TunnelFileLogger.swift in Sources */ = {isa = PBXBuildFile; fileRef = 11753AAE7E8E48B9A694425D /* TunnelFileLogger.swift */; };
		22730516B923B6A25AD48411 /* SettingsView.swift in Sources */ = {isa = PBXBuildFile; fileRef = 4A50A25A4F2306519D129E3E /* SettingsView.swift */; };
		2377EE8BA264E18992F16220 /* PaywallRouter.swift in Sources */ = {isa = PBXBuildFile; fileRef = 1382FBFD0AEC408A724BD830 /* PaywallRouter.swift */; };
		24332B912C4F86F20F9FFC07 /* Products.storekit in Resources */ = {isa = PBXBuildFile; fileRef = AA64087016BE4EC7E684E51A /* Products.storekit */; };
		2C97AEFC76B0E5C56818A19E /* NetworkExtension.framework in Frameworks */ = {isa = PBXBuildFile; fileRef = F59FAA982F3A7FFCD733CCDC /* NetworkExtension.framework */; };
		2EF38AC970CD2EC7FE6C4F58 /* KeychainHelper.swift in Sources */ = {isa = PBXBuildFile; fileRef = 7533AA628239CD95A1BB7DAB /* KeychainHelper.swift */; };
		31272067CEB3F274E0205055 /* Logger.swift in Sources */ = {isa = PBXBuildFile; fileRef = D465DD76EC827BD967F80B1E /* Logger.swift */; };
		33D9E14657203DEC43DDBB11 /* RunBlocking.swift in Sources */ = {isa = PBXBuildFile; fileRef = 5FEEB58777E4D84D49ED3DDA /* RunBlocking.swift */; };
		34188553846855616D08EA7D /* MainViewCalm.swift in Sources */ = {isa = PBXBuildFile; fileRef = 4545A683D59645E6F742DA60 /* MainViewCalm.swift */; };
		38C6F77D3ABB6D6B2EA539D5 /* VPNErrorMapper.swift in Sources */ = {isa = PBXBuildFile; fileRef = 1AEC6D2088A34DFF86FC1CF3 /* VPNErrorMapper.swift */; };
		39D8C9450CD821BB7AA6F329 /* ConfigSanitizer.swift in Sources */ = {isa = PBXBuildFile; fileRef = D4016E60CA086754CC1BBF19 /* ConfigSanitizer.swift */; };
		3D51033FA8C74C24DA3C8AEC /* CommandClient.swift in Sources */ = {isa = PBXBuildFile; fileRef = A06772CE401FD8E92E4E0600 /* CommandClient.swift */; };
		3DDDADC7D7F4B959C98F0E7E /* APIClient.swift in Sources */ = {isa = PBXBuildFile; fileRef = 8B7380373E467711802949A4 /* APIClient.swift */; };
		3E02085FA1C83F1817C55CFE /* Libbox.xcframework in Embed Frameworks */ = {isa = PBXBuildFile; fileRef = CF63E2AA443EBEDBDD3E6F96 /* Libbox.xcframework */; settings = {ATTRIBUTES = (CodeSignOnCopy, RemoveHeadersOnCopy, ); }; };
		3FC17DAD38CD4580B85BFE53 /* RoutingMode.swift in Sources */ = {isa = PBXBuildFile; fileRef = 365EB7F3FEC52C9C51B1ED60 /* RoutingMode.swift */; };
		4417CBBDEA850A63D8F5540A /* ExtensionProvider.swift in Sources */ = {isa = PBXBuildFile; fileRef = B613AB9BB3D203C343056E69 /* ExtensionProvider.swift */; };
		44C55C55A52231C6ABC6DC64 /* Theme.swift in Sources */ = {isa = PBXBuildFile; fileRef = 90C675EE4BC46E36EF3C1526 /* Theme.swift */; };
		45F9A4A9289009E54B3CF77A /* SubscriptionManager.swift in Sources */ = {isa = PBXBuildFile; fileRef = 097E8757B669C10962043BA0 /* SubscriptionManager.swift */; };
		47EEE76A81976F7A3F7FB642 /* PacketTunnelProvider.swift in Sources */ = {isa = PBXBuildFile; fileRef = 08B14EDDF16EC945CCC03912 /* PacketTunnelProvider.swift */; };
		47EFF6DE3686A2487A4A8811 /* Libbox.xcframework in Frameworks */ = {isa = PBXBuildFile; fileRef = CF63E2AA443EBEDBDD3E6F96 /* Libbox.xcframework */; };
		49EB978983561E0508E3B5C9 /* ExtensionPlatformInterface.swift in Sources */ = {isa = PBXBuildFile; fileRef = B2E3733BE657BF5D349C4AB1 /* ExtensionPlatformInterface.swift */; };
		4A3820EEE4423C7E9B504215 /* ChameleonApp.swift in Sources */ = {isa = PBXBuildFile; fileRef = 420665454AF74620F74B6AAA /* ChameleonApp.swift */; };
		4AC5A66AD72866ED5C7AD66C /* PacketTunnel.appex in Embed Foundation Extensions */ = {isa = PBXBuildFile; fileRef = 73F2FA7A9467E933BF142F71 /* PacketTunnel.appex */; settings = {ATTRIBUTES = (RemoveHeadersOnCopy, ); }; };
		4C7CE8B64D597BE5E56AE37E /* TunnelFileLogger.swift in Sources */ = {isa = PBXBuildFile; fileRef = 11753AAE7E8E48B9A694425D /* TunnelFileLogger.swift */; };
		4D0382460162324965F69067 /* MenuBarContent.swift in Sources */ = {isa = PBXBuildFile; fileRef = 18C29A6F21415EAD6E335742 /* MenuBarContent.swift */; };
		4D6DFA8C750ACBAFD528951D /* IOKit.framework in Frameworks */ = {isa = PBXBuildFile; fileRef = 84931D9F1F9003FD38D6DE5E /* IOKit.framework */; };
		4DB4FC4662359485A3E200E3 /* MainViewNeon.swift in Sources */ = {isa = PBXBuildFile; fileRef = 037DF0618BBBAAB963EC62E8 /* MainViewNeon.swift */; };
		543D153C05BA376EB143B248 /* PlatformMainApp.swift in Sources */ = {isa = PBXBuildFile; fileRef = 02516E80F9C01BEF9F441EA4 /* PlatformMainApp.swift */; };
		55B2676AB47DC3894BC2853C /* StringUtils.swift in Sources */ = {isa = PBXBuildFile; fileRef = 221A525997AC7F7CA456999C /* StringUtils.swift */; };
		562A41A178547BB7B09D2ECF /* CoreText.framework in Frameworks */ = {isa = PBXBuildFile; fileRef = 1214C06DA783159BAA0357E1 /* CoreText.framework */; };
		5658573EF815DA1AB3739A15 /* UIKit.framework in Frameworks */ = {isa = PBXBuildFile; fileRef = 8299479DA88A74A43EA300B2 /* UIKit.framework */; };
		5704BAC227DC8FC2FC937DF9 /* L10n.swift in Sources */ = {isa = PBXBuildFile; fileRef = 4C977742D78B702575B34EDB /* L10n.swift */; };
		572EACAC4C40DF0EE9A38306 /* CoreLocation.framework in Frameworks */ = {isa = PBXBuildFile; fileRef = FFB1DE5C354B901E2D856472 /* CoreLocation.framework */; };
		57B251C66594925870589413 /* ConfigSanitizer.swift in Sources */ = {isa = PBXBuildFile; fileRef = D4016E60CA086754CC1BBF19 /* ConfigSanitizer.swift */; };
		58B58DCE7A27C0ADB264A0BB /* StringUtils.swift in Sources */ = {isa = PBXBuildFile; fileRef = 221A525997AC7F7CA456999C /* StringUtils.swift */; };
		5AF3C70BBBD7392A1974A202 /* ApplicationServices.framework in Frameworks */ = {isa = PBXBuildFile; fileRef = 0BCD299E5C9055419D2FD8D3 /* ApplicationServices.framework */; };
		5B9934ABE967A742CB0B3F55 /* CoreWLAN.framework in Frameworks */ = {isa = PBXBuildFile; fileRef = 8D9164B417B8907702402370 /* CoreWLAN.framework */; };
		603E08AD0023704FAB351F40 /* PaywallView.swift in Sources */ = {isa = PBXBuildFile; fileRef = 4E7AB40F684540E3FACAB3EA /* PaywallView.swift */; };
		61820A2F129FE7874D6218A4 /* Constants.swift in Sources */ = {isa = PBXBuildFile; fileRef = A45618245E5FC7F91A354178 /* Constants.swift */; };
		642D9E39A3562E0717AC322B /* RoutingMode.swift in Sources */ = {isa = PBXBuildFile; fileRef = 365EB7F3FEC52C9C51B1ED60 /* RoutingMode.swift */; };
		648A352BF21582E45B92BD30 /* GoogleSignIn in Frameworks */ = {isa = PBXBuildFile; productRef = D0060EAF0EA891E11436DA4F /* GoogleSignIn */; };
		6772211E4E423C30D3D69D14 /* Logger.swift in Sources */ = {isa = PBXBuildFile; fileRef = D465DD76EC827BD967F80B1E /* Logger.swift */; };
		6ACA514C00D2E9EB79C82D57 /* VPNManager.swift in Sources */ = {isa = PBXBuildFile; fileRef = C57BC9A4AAADE5C91FA7C580 /* VPNManager.swift */; };
		6BAAF05855F452DE4192E349 /* PlatformDevice.swift in Sources */ = {isa = PBXBuildFile; fileRef = E4402AF600E58A978FE510BA /* PlatformDevice.swift */; };
		6C05FDF3E2B5D40809D27DD0 /* DebugLogsView.swift in Sources */ = {isa = PBXBuildFile; fileRef = E080B8299D7A6B432DBD59D5 /* DebugLogsView.swift */; };
		6F8C31CE11F0B6CBAA98F127 /* PlatformDevice.swift in Sources */ = {isa = PBXBuildFile; fileRef = E4402AF600E58A978FE510BA /* PlatformDevice.swift */; };
		703A53655F78918991BB9239 /* ConfigSanitizer.swift in Sources */ = {isa = PBXBuildFile; fileRef = D4016E60CA086754CC1BBF19 /* ConfigSanitizer.swift */; };
		705640BA3A4F21E3917BE92E /* RunBlocking.swift in Sources */ = {isa = PBXBuildFile; fileRef = 5FEEB58777E4D84D49ED3DDA /* RunBlocking.swift */; };
		7403D5BC666B83A5449C689F /* AccountView.swift in Sources */ = {isa = PBXBuildFile; fileRef = C569B64AC8B15976A785085F /* AccountView.swift */; };
		7A6888D81DDF7D1345D4E88B /* CoreWLAN.framework in Frameworks */ = {isa = PBXBuildFile; fileRef = 8D9164B417B8907702402370 /* CoreWLAN.framework */; };
		7BF3B2FF97FE8AEDD720553D /* libbsm.tbd in Frameworks */ = {isa = PBXBuildFile; fileRef = 35E6D34824714CC2F75B9332 /* libbsm.tbd */; };
		7C3AFB01CD015FAF1EBA2C5E /* IOKit.framework in Frameworks */ = {isa = PBXBuildFile; fileRef = 84931D9F1F9003FD38D6DE5E /* IOKit.framework */; };
		7CEC23D452F2C62AC8E889E7 /* Constants.swift in Sources */ = {isa = PBXBuildFile; fileRef = A45618245E5FC7F91A354178 /* Constants.swift */; };
		7D10CBEDF979741C21595508 /* MainView.swift in Sources */ = {isa = PBXBuildFile; fileRef = CCED65AE5408158D08260301 /* MainView.swift */; };
		7FAB5F45DCB1B7A05ED422EF /* ApplicationServices.framework in Frameworks */ = {isa = PBXBuildFile; fileRef = 0BCD299E5C9055419D2FD8D3 /* ApplicationServices.framework */; };
		808D398BF959A764FB77EBC2 /* VPNErrorMapper.swift in Sources */ = {isa = PBXBuildFile; fileRef = 1AEC6D2088A34DFF86FC1CF3 /* VPNErrorMapper.swift */; };
		8229FE971B91CD47D9A9F0E8 /* ThemePickerView.swift in Sources */ = {isa = PBXBuildFile; fileRef = FCD043B2561D33DECC01588F /* ThemePickerView.swift */; };
		87B964D6DB3927611FD0E20E /* ThemePickerView.swift in Sources */ = {isa = PBXBuildFile; fileRef = FCD043B2561D33DECC01588F /* ThemePickerView.swift */; };
		8D64B2CD70F75BDB7645FF4A /* KeychainHelper.swift in Sources */ = {isa = PBXBuildFile; fileRef = 7533AA628239CD95A1BB7DAB /* KeychainHelper.swift */; };
		91417FA9C8E27A02B46625DC /* EmailSignInView.swift in Sources */ = {isa = PBXBuildFile; fileRef = D81C205D6C9FBEF449EB5D65 /* EmailSignInView.swift */; };
		928C53242F019FC4152BCA1E /* Haptics.swift in Sources */ = {isa = PBXBuildFile; fileRef = 4322C4D5AA019348B7B47600 /* Haptics.swift */; };
		93A89D5DC91F2E099A15A0FF /* PlatformDevice.swift in Sources */ = {isa = PBXBuildFile; fileRef = E4402AF600E58A978FE510BA /* PlatformDevice.swift */; };
		9401FFA79774027FBD280DB4 /* libresolv.tbd in Frameworks */ = {isa = PBXBuildFile; fileRef = A92F8772478D003D40BB6AAB /* libresolv.tbd */; };
		97948A75727613FF291A92EC /* KeychainHelper.swift in Sources */ = {isa = PBXBuildFile; fileRef = 7533AA628239CD95A1BB7DAB /* KeychainHelper.swift */; };
		9B5DE79AE51194D9A599FE57 /* OnboardingView.swift in Sources */ = {isa = PBXBuildFile; fileRef = FDB36CA61FDCF04FCAF6AA68 /* OnboardingView.swift */; };
		9CC6597D84E99998BEAF32DB /* StringUtils.swift in Sources */ = {isa = PBXBuildFile; fileRef = 221A525997AC7F7CA456999C /* StringUtils.swift */; };
		A12D976DEE5512AA1FC3AA30 /* libresolv.tbd in Frameworks */ = {isa = PBXBuildFile; fileRef = A92F8772478D003D40BB6AAB /* libresolv.tbd */; };
		A36B2ED27AA23A18F62F2B5B /* SystemConfiguration.framework in Frameworks */ = {isa = PBXBuildFile; fileRef = C7C82F2CD8F5DE3C891A0164 /* SystemConfiguration.framework */; };
		A3D6DBDE29997FA54BBEEDA3 /* PaywallRouter.swift in Sources */ = {isa = PBXBuildFile; fileRef = 1382FBFD0AEC408A724BD830 /* PaywallRouter.swift */; };
		A53B3255A6EDAAB04CDA6358 /* UniformTypeIdentifiers.framework in Frameworks */ = {isa = PBXBuildFile; fileRef = A9CC086707BD28C31BF3AA01 /* UniformTypeIdentifiers.framework */; };
		A583FA6FABE41859948190CE /* Assets.xcassets in Resources */ = {isa = PBXBuildFile; fileRef = 726FC571821F22352A852A6E /* Assets.xcassets */; };
		A5A80AE2E32A2A93E416FA91 /* ExtensionProvider.swift in Sources */ = {isa = PBXBuildFile; fileRef = B613AB9BB3D203C343056E69 /* ExtensionProvider.swift */; };
		A683169378A83630A06C9D49 /* ServerGroup.swift in Sources */ = {isa = PBXBuildFile; fileRef = 86E509671A68D78BD6908FC8 /* ServerGroup.swift */; };
		A6DB622362455B470F0F444B /* EmailSignInView.swift in Sources */ = {isa = PBXBuildFile; fileRef = D81C205D6C9FBEF449EB5D65 /* EmailSignInView.swift */; };
		A75840749CA6C272236A884E /* libresolv.tbd in Frameworks */ = {isa = PBXBuildFile; fileRef = A92F8772478D003D40BB6AAB /* libresolv.tbd */; };
		A7BDDD63F8FC661113B82A23 /* APIClient.swift in Sources */ = {isa = PBXBuildFile; fileRef = 8B7380373E467711802949A4 /* APIClient.swift */; };
		A9AF5B54FD3F1BADAD20D002 /* AppKit.framework in Frameworks */ = {isa = PBXBuildFile; fileRef = 8E73CF3DFF0B6FDCD16850A0 /* AppKit.framework */; };
		AD6859BDD5B9CE20DA75CD4A /* TunnelFileLogger.swift in Sources */ = {isa = PBXBuildFile; fileRef = 11753AAE7E8E48B9A694425D /* TunnelFileLogger.swift */; };
		B00DCB110497D432AC08867F /* AppKit.framework in Frameworks */ = {isa = PBXBuildFile; fileRef = 8E73CF3DFF0B6FDCD16850A0 /* AppKit.framework */; };
		B32A0F68A9DC87E40667DE46 /* libbsm.tbd in Frameworks */ = {isa = PBXBuildFile; fileRef = 35E6D34824714CC2F75B9332 /* libbsm.tbd */; };
		B349A23A90691470B3FD91CD /* RoutingMode.swift in Sources */ = {isa = PBXBuildFile; fileRef = 365EB7F3FEC52C9C51B1ED60 /* RoutingMode.swift */; };
		B5A4B5BCE212A32E89615F12 /* PlatformViewExtensions.swift in Sources */ = {isa = PBXBuildFile; fileRef = EAADCF80D8C25BF1B60CBAE1 /* PlatformViewExtensions.swift */; };
		B76887930CEEC15D7A96DD4B /* PlatformViewExtensions.swift in Sources */ = {isa = PBXBuildFile; fileRef = EAADCF80D8C25BF1B60CBAE1 /* PlatformViewExtensions.swift */; };
		B96E47BE0232564E1622F33A /* AccountView.swift in Sources */ = {isa = PBXBuildFile; fileRef = C569B64AC8B15976A785085F /* AccountView.swift */; };
		C124F87CD2E5187CC30A9B7E /* CoreLocation.framework in Frameworks */ = {isa = PBXBuildFile; fileRef = FFB1DE5C354B901E2D856472 /* CoreLocation.framework */; };
		C17E9DAA327FCD9EA78BDA6A /* RoutingMode.swift in Sources */ = {isa = PBXBuildFile; fileRef = 365EB7F3FEC52C9C51B1ED60 /* RoutingMode.swift */; };
		C1A4123A23281325A857AFC3 /* PingService.swift in Sources */ = {isa = PBXBuildFile; fileRef = 171C8D69FE3BD789A21AFA55 /* PingService.swift */; };
		C280F42D37BB41241C66A845 /* AppState.swift in Sources */ = {isa = PBXBuildFile; fileRef = DCFB6346D7BDAAE6E04CF460 /* AppState.swift */; };
		CA01D2129EE678433FD72AB1 /* PacketTunnelMac.appex in Embed Foundation Extensions */ = {isa = PBXBuildFile; fileRef = EDF42D7FF528B2660FEF0D94 /* PacketTunnelMac.appex */; settings = {ATTRIBUTES = (RemoveHeadersOnCopy, ); }; };
		CB96F10983F214FB787A035C /* Assets.xcassets in Resources */ = {isa = PBXBuildFile; fileRef = 726FC571821F22352A852A6E /* Assets.xcassets */; };
		CD28519DF1EB536B2FA1F80C /* RunBlocking.swift in Sources */ = {isa = PBXBuildFile; fileRef = 5FEEB58777E4D84D49ED3DDA /* RunBlocking.swift */; };
		CD9F0B8919F6E08FD8889F8A /* StringUtils.swift in Sources */ = {isa = PBXBuildFile; fileRef = 221A525997AC7F7CA456999C /* StringUtils.swift */; };
		CE56B6D2ED38F15B432B9CF4 /* PlatformDevice.swift in Sources */ = {isa = PBXBuildFile; fileRef = E4402AF600E58A978FE510BA /* PlatformDevice.swift */; };
		D2F505BB14F1B995D2D45E75 /* libresolv.tbd in Frameworks */ = {isa = PBXBuildFile; fileRef = A92F8772478D003D40BB6AAB /* libresolv.tbd */; };
		D3F2DE4F1C41D4332C44568A /* SettingsView.swift in Sources */ = {isa = PBXBuildFile; fileRef = 4A50A25A4F2306519D129E3E /* SettingsView.swift */; };
		D5F0AF78A23F4903145DC255 /* Libbox.xcframework in Frameworks */ = {isa = PBXBuildFile; fileRef = CF63E2AA443EBEDBDD3E6F96 /* Libbox.xcframework */; };
		D686893D9BAE697181E76EC3 /* AppState.swift in Sources */ = {isa = PBXBuildFile; fileRef = DCFB6346D7BDAAE6E04CF460 /* AppState.swift */; };
		D9083252EC302F9588680DB4 /* Constants.swift in Sources */ = {isa = PBXBuildFile; fileRef = A45618245E5FC7F91A354178 /* Constants.swift */; };
		D99654A0BF7A8050DE610B73 /* Logger.swift in Sources */ = {isa = PBXBuildFile; fileRef = D465DD76EC827BD967F80B1E /* Logger.swift */; };
		DA0A8B15A6262990C573A0FF /* Products.storekit in Resources */ = {isa = PBXBuildFile; fileRef = AA64087016BE4EC7E684E51A /* Products.storekit */; };
		DA54966161D09B91C0F5F8C0 /* CoreText.framework in Frameworks */ = {isa = PBXBuildFile; fileRef = 1214C06DA783159BAA0357E1 /* CoreText.framework */; };
		DC7E375502C52F1D97FE1EAC /* ServerGroup.swift in Sources */ = {isa = PBXBuildFile; fileRef = 86E509671A68D78BD6908FC8 /* ServerGroup.swift */; };
		DCB20E516F445F1A67E17242 /* ChameleonApp.swift in Sources */ = {isa = PBXBuildFile; fileRef = 420665454AF74620F74B6AAA /* ChameleonApp.swift */; };
		DE386C299021F97921AD1314 /* VPNPermissionPrimerView.swift in Sources */ = {isa = PBXBuildFile; fileRef = E22539E638B1C6567573D8FF /* VPNPermissionPrimerView.swift */; };
		E0938CD9841F053357114D83 /* UserNotifications.framework in Frameworks */ = {isa = PBXBuildFile; fileRef = 31CA662E88D9CC904DE604EA /* UserNotifications.framework */; };
		E1AA8104C6CBD8CD19896AF8 /* VPNManager.swift in Sources */ = {isa = PBXBuildFile; fileRef = C57BC9A4AAADE5C91FA7C580 /* VPNManager.swift */; };
		E348DC71F159AE899252CFEE /* CommandClient.swift in Sources */ = {isa = PBXBuildFile; fileRef = A06772CE401FD8E92E4E0600 /* CommandClient.swift */; };
		E3AA2A3BD678A030504ADA21 /* Haptics.swift in Sources */ = {isa = PBXBuildFile; fileRef = 4322C4D5AA019348B7B47600 /* Haptics.swift */; };
		E73B38FBB3516BA865687DBC /* PaywallView.swift in Sources */ = {isa = PBXBuildFile; fileRef = 4E7AB40F684540E3FACAB3EA /* PaywallView.swift */; };
		E937B8E5C0C5D27D70F1D4C1 /* WebPaywallView.swift in Sources */ = {isa = PBXBuildFile; fileRef = 9B44609A85EAB85A9BB6E22B /* WebPaywallView.swift */; };
		E9AEC92A10554F7624AC5A95 /* Localizable.strings in Resources */ = {isa = PBXBuildFile; fileRef = 0BACAB5F6AA66627BF0F2610 /* Localizable.strings */; };
		E9D0A7E47A65041CBFAB12F3 /* LegalView.swift in Sources */ = {isa = PBXBuildFile; fileRef = 66D68BA1C481D2B9ADA57782 /* LegalView.swift */; };
		EA3D7133A035E38CEB338AB8 /* L10n.swift in Sources */ = {isa = PBXBuildFile; fileRef = 4C977742D78B702575B34EDB /* L10n.swift */; };
		EA79DDEC6A61CD021D749828 /* PacketTunnelProvider.swift in Sources */ = {isa = PBXBuildFile; fileRef = 08B14EDDF16EC945CCC03912 /* PacketTunnelProvider.swift */; };
		EAD1111C1D1726D3B51A6AF2 /* Logger.swift in Sources */ = {isa = PBXBuildFile; fileRef = D465DD76EC827BD967F80B1E /* Logger.swift */; };
		EB21A9F3202BF5C17A4AEFFB /* PlatformMainApp.swift in Sources */ = {isa = PBXBuildFile; fileRef = 02516E80F9C01BEF9F441EA4 /* PlatformMainApp.swift */; };
		ECF46B76138D0B84DB6894B1 /* WebPaywallView.swift in Sources */ = {isa = PBXBuildFile; fileRef = 9B44609A85EAB85A9BB6E22B /* WebPaywallView.swift */; };
		EF0E4CB9726FB660182A57A4 /* RunBlocking.swift in Sources */ = {isa = PBXBuildFile; fileRef = 5FEEB58777E4D84D49ED3DDA /* RunBlocking.swift */; };
		F11CE6FCBBE50A55AD78ACED /* SystemConfiguration.framework in Frameworks */ = {isa = PBXBuildFile; fileRef = C7C82F2CD8F5DE3C891A0164 /* SystemConfiguration.framework */; };
		F274BEBE2C587AA6217FB1AE /* MainView.swift in Sources */ = {isa = PBXBuildFile; fileRef = CCED65AE5408158D08260301 /* MainView.swift */; };
		F405018196E5487243F8C053 /* ThemeManager.swift in Sources */ = {isa = PBXBuildFile; fileRef = BBBD6B44CB0BDD1033E4BAC3 /* ThemeManager.swift */; };
		F486D5E9F73B5C78F1A377E4 /* VPNPermissionPrimerView.swift in Sources */ = {isa = PBXBuildFile; fileRef = E22539E638B1C6567573D8FF /* VPNPermissionPrimerView.swift */; };
		F64220BF9B5C3084129D0D45 /* DebugLogsView.swift in Sources */ = {isa = PBXBuildFile; fileRef = E080B8299D7A6B432DBD59D5 /* DebugLogsView.swift */; };
		FA48C7DB22D11E11732EA75D /* GoogleSignInSwift in Frameworks */ = {isa = PBXBuildFile; productRef = A8A0E70D4AB782225670FC65 /* GoogleSignInSwift */; };
		FBE717F8BC2CADE8FD61100F /* PingService.swift in Sources */ = {isa = PBXBuildFile; fileRef = 171C8D69FE3BD789A21AFA55 /* PingService.swift */; };
		FC03629398A7CB33ACC53FF9 /* NetworkExtension.framework in Frameworks */ = {isa = PBXBuildFile; fileRef = F59FAA982F3A7FFCD733CCDC /* NetworkExtension.framework */; };
		FEEBCFE91ABB1DD642BBE1E9 /* MenuBarContent.swift in Sources */ = {isa = PBXBuildFile; fileRef = 18C29A6F21415EAD6E335742 /* MenuBarContent.swift */; };
/* End PBXBuildFile section */

/* Begin PBXContainerItemProxy section */
		03DF9B720CA1B8DA4FE717BB /* PBXContainerItemProxy */ = {
			isa = PBXContainerItemProxy;
			containerPortal = 0BD67B7D7A15264FD5ADF092 /* Project object */;
			proxyType = 1;
			remoteGlobalIDString = 638E48167C3F3AAB072EC60C;
			remoteInfo = PacketTunnelMac;
		};
		510F77A6721F74049AC21CA7 /* PBXContainerItemProxy */ = {
			isa = PBXContainerItemProxy;
			containerPortal = 0BD67B7D7A15264FD5ADF092 /* Project object */;
			proxyType = 1;
			remoteGlobalIDString = AB4E683FAEAB86BF62F98F51;
			remoteInfo = PacketTunnel;
		};
/* End PBXContainerItemProxy section */

/* Begin PBXCopyFilesBuildPhase section */
		27180F0FF5F602F244F15612 /* Embed Foundation Extensions */ = {
			isa = PBXCopyFilesBuildPhase;
			buildActionMask = 2147483647;
			dstPath = "";
			dstSubfolderSpec = 13;
			files = (
				CA01D2129EE678433FD72AB1 /* PacketTunnelMac.appex in Embed Foundation Extensions */,
			);
			name = "Embed Foundation Extensions";
			runOnlyForDeploymentPostprocessing = 0;
		};
		37EAFECD808300DEF7800A45 /* Embed Foundation Extensions */ = {
			isa = PBXCopyFilesBuildPhase;
			buildActionMask = 2147483647;
			dstPath = "";
			dstSubfolderSpec = 13;
			files = (
				4AC5A66AD72866ED5C7AD66C /* PacketTunnel.appex in Embed Foundation Extensions */,
			);
			name = "Embed Foundation Extensions";
			runOnlyForDeploymentPostprocessing = 0;
		};
		C70B6E50978AA268B10ACDE6 /* Embed Frameworks */ = {
			isa = PBXCopyFilesBuildPhase;
			buildActionMask = 2147483647;
			dstPath = "";
			dstSubfolderSpec = 10;
			files = (
				3E02085FA1C83F1817C55CFE /* Libbox.xcframework in Embed Frameworks */,
			);
			name = "Embed Frameworks";
			runOnlyForDeploymentPostprocessing = 0;
		};
/* End PBXCopyFilesBuildPhase section */

/* Begin PBXFileReference section */
		02516E80F9C01BEF9F441EA4 /* PlatformMainApp.swift */ = {isa = PBXFileReference; lastKnownFileType = sourcecode.swift; path = PlatformMainApp.swift; sourceTree = "<group>"; };
		037DF0618BBBAAB963EC62E8 /* MainViewNeon.swift */ = {isa = PBXFileReference; lastKnownFileType = sourcecode.swift; path = MainViewNeon.swift; sourceTree = "<group>"; };
		08B14EDDF16EC945CCC03912 /* PacketTunnelProvider.swift */ = {isa = PBXFileReference; lastKnownFileType = sourcecode.swift; path = PacketTunnelProvider.swift; sourceTree = "<group>"; };
		097E8757B669C10962043BA0 /* SubscriptionManager.swift */ = {isa = PBXFileReference; lastKnownFileType = sourcecode.swift; path = SubscriptionManager.swift; sourceTree = "<group>"; };
		0BCD299E5C9055419D2FD8D3 /* ApplicationServices.framework */ = {isa = PBXFileReference; lastKnownFileType = wrapper.framework; name = ApplicationServices.framework; path = System/Library/Frameworks/ApplicationServices.framework; sourceTree = SDKROOT; };
		11753AAE7E8E48B9A694425D /* TunnelFileLogger.swift */ = {isa = PBXFileReference; lastKnownFileType = sourcecode.swift; path = TunnelFileLogger.swift; sourceTree = "<group>"; };
		1214C06DA783159BAA0357E1 /* CoreText.framework */ = {isa = PBXFileReference; lastKnownFileType = wrapper.framework; name = CoreText.framework; path = System/Library/Frameworks/CoreText.framework; sourceTree = SDKROOT; };
		13171207F9CF6D71943CEA17 /* Info.plist */ = {isa = PBXFileReference; lastKnownFileType = text.plist; path = Info.plist; sourceTree = "<group>"; };
		1382FBFD0AEC408A724BD830 /* PaywallRouter.swift */ = {isa = PBXFileReference; lastKnownFileType = sourcecode.swift; path = PaywallRouter.swift; sourceTree = "<group>"; };
		171C8D69FE3BD789A21AFA55 /* PingService.swift */ = {isa = PBXFileReference; lastKnownFileType = sourcecode.swift; path = PingService.swift; sourceTree = "<group>"; };
		18C29A6F21415EAD6E335742 /* MenuBarContent.swift */ = {isa = PBXFileReference; lastKnownFileType = sourcecode.swift; path = MenuBarContent.swift; sourceTree = "<group>"; };
		1AEC6D2088A34DFF86FC1CF3 /* VPNErrorMapper.swift */ = {isa = PBXFileReference; lastKnownFileType = sourcecode.swift; path = VPNErrorMapper.swift; sourceTree = "<group>"; };
		221A525997AC7F7CA456999C /* StringUtils.swift */ = {isa = PBXFileReference; lastKnownFileType = sourcecode.swift; path = StringUtils.swift; sourceTree = "<group>"; };
		2D6B422B7059F428D2680530 /* PacketTunnel.entitlements */ = {isa = PBXFileReference; lastKnownFileType = text.plist.entitlements; path = PacketTunnel.entitlements; sourceTree = "<group>"; };
		31CA662E88D9CC904DE604EA /* UserNotifications.framework */ = {isa = PBXFileReference; lastKnownFileType = wrapper.framework; name = UserNotifications.framework; path = System/Library/Frameworks/UserNotifications.framework; sourceTree = SDKROOT; };
		35E6D34824714CC2F75B9332 /* libbsm.tbd */ = {isa = PBXFileReference; lastKnownFileType = "sourcecode.text-based-dylib-definition"; name = libbsm.tbd; path = usr/lib/libbsm.tbd; sourceTree = SDKROOT; };
		365EB7F3FEC52C9C51B1ED60 /* RoutingMode.swift */ = {isa = PBXFileReference; lastKnownFileType = sourcecode.swift; path = RoutingMode.swift; sourceTree = "<group>"; };
		420665454AF74620F74B6AAA /* ChameleonApp.swift */ = {isa = PBXFileReference; lastKnownFileType = sourcecode.swift; path = ChameleonApp.swift; sourceTree = "<group>"; };
		4322C4D5AA019348B7B47600 /* Haptics.swift */ = {isa = PBXFileReference; lastKnownFileType = sourcecode.swift; path = Haptics.swift; sourceTree = "<group>"; };
		4545A683D59645E6F742DA60 /* MainViewCalm.swift */ = {isa = PBXFileReference; lastKnownFileType = sourcecode.swift; path = MainViewCalm.swift; sourceTree = "<group>"; };
		4A50A25A4F2306519D129E3E /* SettingsView.swift */ = {isa = PBXFileReference; lastKnownFileType = sourcecode.swift; path = SettingsView.swift; sourceTree = "<group>"; };
		4C977742D78B702575B34EDB /* L10n.swift */ = {isa = PBXFileReference; lastKnownFileType = sourcecode.swift; path = L10n.swift; sourceTree = "<group>"; };
		4E7AB40F684540E3FACAB3EA /* PaywallView.swift */ = {isa = PBXFileReference; lastKnownFileType = sourcecode.swift; path = PaywallView.swift; sourceTree = "<group>"; };
		59E9692276EF9DB6E6365AD3 /* en */ = {isa = PBXFileReference; lastKnownFileType = text.plist.strings; name = en; path = en.lproj/Localizable.strings; sourceTree = "<group>"; };
		5FEEB58777E4D84D49ED3DDA /* RunBlocking.swift */ = {isa = PBXFileReference; lastKnownFileType = sourcecode.swift; path = RunBlocking.swift; sourceTree = "<group>"; };
		66D68BA1C481D2B9ADA57782 /* LegalView.swift */ = {isa = PBXFileReference; lastKnownFileType = sourcecode.swift; path = LegalView.swift; sourceTree = "<group>"; };
		714A337924D74D32ECBB513C /* ChameleonVPN.entitlements */ = {isa = PBXFileReference; lastKnownFileType = text.plist.entitlements; path = ChameleonVPN.entitlements; sourceTree = "<group>"; };
		71F5289E1CB7690C10958EE8 /* GoogleAuthCoordinator.swift */ = {isa = PBXFileReference; lastKnownFileType = sourcecode.swift; path = GoogleAuthCoordinator.swift; sourceTree = "<group>"; };
		726FC571821F22352A852A6E /* Assets.xcassets */ = {isa = PBXFileReference; lastKnownFileType = folder.assetcatalog; path = Assets.xcassets; sourceTree = "<group>"; };
		73F2FA7A9467E933BF142F71 /* PacketTunnel.appex */ = {isa = PBXFileReference; includeInIndex = 0; lastKnownFileType = "wrapper.app-extension"; path = PacketTunnel.appex; sourceTree = BUILT_PRODUCTS_DIR; };
		7533AA628239CD95A1BB7DAB /* KeychainHelper.swift */ = {isa = PBXFileReference; lastKnownFileType = sourcecode.swift; path = KeychainHelper.swift; sourceTree = "<group>"; };
		8299479DA88A74A43EA300B2 /* UIKit.framework */ = {isa = PBXFileReference; lastKnownFileType = wrapper.framework; name = UIKit.framework; path = System/Library/Frameworks/UIKit.framework; sourceTree = SDKROOT; };
		82C99EB69029B582CFEA3251 /* ChameleonMac.app */ = {isa = PBXFileReference; explicitFileType = wrapper.application; includeInIndex = 0; path = ChameleonMac.app; sourceTree = BUILT_PRODUCTS_DIR; };
		84931D9F1F9003FD38D6DE5E /* IOKit.framework */ = {isa = PBXFileReference; lastKnownFileType = wrapper.framework; name = IOKit.framework; path = System/Library/Frameworks/IOKit.framework; sourceTree = SDKROOT; };
		84F9C96D0D844CD6E75A11CC /* ru */ = {isa = PBXFileReference; lastKnownFileType = text.plist.strings; name = ru; path = ru.lproj/Localizable.strings; sourceTree = "<group>"; };
		86E509671A68D78BD6908FC8 /* ServerGroup.swift */ = {isa = PBXFileReference; lastKnownFileType = sourcecode.swift; path = ServerGroup.swift; sourceTree = "<group>"; };
		8B7380373E467711802949A4 /* APIClient.swift */ = {isa = PBXFileReference; lastKnownFileType = sourcecode.swift; path = APIClient.swift; sourceTree = "<group>"; };
		8D9164B417B8907702402370 /* CoreWLAN.framework */ = {isa = PBXFileReference; lastKnownFileType = wrapper.framework; name = CoreWLAN.framework; path = System/Library/Frameworks/CoreWLAN.framework; sourceTree = SDKROOT; };
		8E73CF3DFF0B6FDCD16850A0 /* AppKit.framework */ = {isa = PBXFileReference; lastKnownFileType = wrapper.framework; name = AppKit.framework; path = System/Library/Frameworks/AppKit.framework; sourceTree = SDKROOT; };
		90C675EE4BC46E36EF3C1526 /* Theme.swift */ = {isa = PBXFileReference; lastKnownFileType = sourcecode.swift; path = Theme.swift; sourceTree = "<group>"; };
		9B44609A85EAB85A9BB6E22B /* WebPaywallView.swift */ = {isa = PBXFileReference; lastKnownFileType = sourcecode.swift; path = WebPaywallView.swift; sourceTree = "<group>"; };
		A06772CE401FD8E92E4E0600 /* CommandClient.swift */ = {isa = PBXFileReference; lastKnownFileType = sourcecode.swift; path = CommandClient.swift; sourceTree = "<group>"; };
		A45618245E5FC7F91A354178 /* Constants.swift */ = {isa = PBXFileReference; lastKnownFileType = sourcecode.swift; path = Constants.swift; sourceTree = "<group>"; };
		A92F8772478D003D40BB6AAB /* libresolv.tbd */ = {isa = PBXFileReference; lastKnownFileType = "sourcecode.text-based-dylib-definition"; name = libresolv.tbd; path = usr/lib/libresolv.tbd; sourceTree = SDKROOT; };
		A9CC086707BD28C31BF3AA01 /* UniformTypeIdentifiers.framework */ = {isa = PBXFileReference; lastKnownFileType = wrapper.framework; name = UniformTypeIdentifiers.framework; path = System/Library/Frameworks/UniformTypeIdentifiers.framework; sourceTree = SDKROOT; };
		AA64087016BE4EC7E684E51A /* Products.storekit */ = {isa = PBXFileReference; path = Products.storekit; sourceTree = "<group>"; };
		B2E3733BE657BF5D349C4AB1 /* ExtensionPlatformInterface.swift */ = {isa = PBXFileReference; lastKnownFileType = sourcecode.swift; path = ExtensionPlatformInterface.swift; sourceTree = "<group>"; };
		B613AB9BB3D203C343056E69 /* ExtensionProvider.swift */ = {isa = PBXFileReference; lastKnownFileType = sourcecode.swift; path = ExtensionProvider.swift; sourceTree = "<group>"; };
		BBBD6B44CB0BDD1033E4BAC3 /* ThemeManager.swift */ = {isa = PBXFileReference; lastKnownFileType = sourcecode.swift; path = ThemeManager.swift; sourceTree = "<group>"; };
		BD9FB9344687CFF8D519C5B9 /* Info.plist */ = {isa = PBXFileReference; lastKnownFileType = text.plist; path = Info.plist; sourceTree = "<group>"; };
		C569B64AC8B15976A785085F /* AccountView.swift */ = {isa = PBXFileReference; lastKnownFileType = sourcecode.swift; path = AccountView.swift; sourceTree = "<group>"; };
		C57BC9A4AAADE5C91FA7C580 /* VPNManager.swift */ = {isa = PBXFileReference; lastKnownFileType = sourcecode.swift; path = VPNManager.swift; sourceTree = "<group>"; };
		C7C82F2CD8F5DE3C891A0164 /* SystemConfiguration.framework */ = {isa = PBXFileReference; lastKnownFileType = wrapper.framework; name = SystemConfiguration.framework; path = System/Library/Frameworks/SystemConfiguration.framework; sourceTree = SDKROOT; };
		C96A14126F09B826C276B165 /* Chameleon.app */ = {isa = PBXFileReference; includeInIndex = 0; lastKnownFileType = wrapper.application; path = Chameleon.app; sourceTree = BUILT_PRODUCTS_DIR; };
		CCED65AE5408158D08260301 /* MainView.swift */ = {isa = PBXFileReference; lastKnownFileType = sourcecode.swift; path = MainView.swift; sourceTree = "<group>"; };
		CF63E2AA443EBEDBDD3E6F96 /* Libbox.xcframework */ = {isa = PBXFileReference; lastKnownFileType = wrapper.xcframework; name = Libbox.xcframework; path = Frameworks/Libbox.xcframework; sourceTree = "<group>"; };
		D4016E60CA086754CC1BBF19 /* ConfigSanitizer.swift */ = {isa = PBXFileReference; lastKnownFileType = sourcecode.swift; path = ConfigSanitizer.swift; sourceTree = "<group>"; };
		D465DD76EC827BD967F80B1E /* Logger.swift */ = {isa = PBXFileReference; lastKnownFileType = sourcecode.swift; path = Logger.swift; sourceTree = "<group>"; };
		D81C205D6C9FBEF449EB5D65 /* EmailSignInView.swift */ = {isa = PBXFileReference; lastKnownFileType = sourcecode.swift; path = EmailSignInView.swift; sourceTree = "<group>"; };
		DCFB6346D7BDAAE6E04CF460 /* AppState.swift */ = {isa = PBXFileReference; lastKnownFileType = sourcecode.swift; path = AppState.swift; sourceTree = "<group>"; };
		E080B8299D7A6B432DBD59D5 /* DebugLogsView.swift */ = {isa = PBXFileReference; lastKnownFileType = sourcecode.swift; path = DebugLogsView.swift; sourceTree = "<group>"; };
		E22539E638B1C6567573D8FF /* VPNPermissionPrimerView.swift */ = {isa = PBXFileReference; lastKnownFileType = sourcecode.swift; path = VPNPermissionPrimerView.swift; sourceTree = "<group>"; };
		E4402AF600E58A978FE510BA /* PlatformDevice.swift */ = {isa = PBXFileReference; lastKnownFileType = sourcecode.swift; path = PlatformDevice.swift; sourceTree = "<group>"; };
		EAADCF80D8C25BF1B60CBAE1 /* PlatformViewExtensions.swift */ = {isa = PBXFileReference; lastKnownFileType = sourcecode.swift; path = PlatformViewExtensions.swift; sourceTree = "<group>"; };
		EDF42D7FF528B2660FEF0D94 /* PacketTunnelMac.appex */ = {isa = PBXFileReference; explicitFileType = "wrapper.app-extension"; includeInIndex = 0; path = PacketTunnelMac.appex; sourceTree = BUILT_PRODUCTS_DIR; };
		F59FAA982F3A7FFCD733CCDC /* NetworkExtension.framework */ = {isa = PBXFileReference; lastKnownFileType = wrapper.framework; name = NetworkExtension.framework; path = System/Library/Frameworks/NetworkExtension.framework; sourceTree = SDKROOT; };
		FC1427098EF08CEAC700CD2C /* ConfigStore.swift */ = {isa = PBXFileReference; lastKnownFileType = sourcecode.swift; path = ConfigStore.swift; sourceTree = "<group>"; };
		FCD043B2561D33DECC01588F /* ThemePickerView.swift */ = {isa = PBXFileReference; lastKnownFileType = sourcecode.swift; path = ThemePickerView.swift; sourceTree = "<group>"; };
		FDB36CA61FDCF04FCAF6AA68 /* OnboardingView.swift */ = {isa = PBXFileReference; lastKnownFileType = sourcecode.swift; path = OnboardingView.swift; sourceTree = "<group>"; };
		FFB1DE5C354B901E2D856472 /* CoreLocation.framework */ = {isa = PBXFileReference; lastKnownFileType = wrapper.framework; name = CoreLocation.framework; path = System/Library/Frameworks/CoreLocation.framework; sourceTree = SDKROOT; };
/* End PBXFileReference section */

/* Begin PBXFrameworksBuildPhase section */
		378F7472234B4204BA9CDEFD /* Frameworks */ = {
			isa = PBXFrameworksBuildPhase;
			buildActionMask = 2147483647;
			files = (
				47EFF6DE3686A2487A4A8811 /* Libbox.xcframework in Frameworks */,
				A12D976DEE5512AA1FC3AA30 /* libresolv.tbd in Frameworks */,
				2C97AEFC76B0E5C56818A19E /* NetworkExtension.framework in Frameworks */,
				A36B2ED27AA23A18F62F2B5B /* SystemConfiguration.framework in Frameworks */,
				DA54966161D09B91C0F5F8C0 /* CoreText.framework in Frameworks */,
				7A6888D81DDF7D1345D4E88B /* CoreWLAN.framework in Frameworks */,
				7C3AFB01CD015FAF1EBA2C5E /* IOKit.framework in Frameworks */,
				572EACAC4C40DF0EE9A38306 /* CoreLocation.framework in Frameworks */,
				B00DCB110497D432AC08867F /* AppKit.framework in Frameworks */,
				A53B3255A6EDAAB04CDA6358 /* UniformTypeIdentifiers.framework in Frameworks */,
				7FAB5F45DCB1B7A05ED422EF /* ApplicationServices.framework in Frameworks */,
				0193E8139416165DD5F95134 /* UserNotifications.framework in Frameworks */,
				7BF3B2FF97FE8AEDD720553D /* libbsm.tbd in Frameworks */,
			);
			runOnlyForDeploymentPostprocessing = 0;
		};
		4B1464D4F2340BF5F7787135 /* Frameworks */ = {
			isa = PBXFrameworksBuildPhase;
			buildActionMask = 2147483647;
			files = (
				D5F0AF78A23F4903145DC255 /* Libbox.xcframework in Frameworks */,
				A75840749CA6C272236A884E /* libresolv.tbd in Frameworks */,
				648A352BF21582E45B92BD30 /* GoogleSignIn in Frameworks */,
				FA48C7DB22D11E11732EA75D /* GoogleSignInSwift in Frameworks */,
			);
			runOnlyForDeploymentPostprocessing = 0;
		};
		63ABEEA359AB528E64A98BF3 /* Frameworks */ = {
			isa = PBXFrameworksBuildPhase;
			buildActionMask = 2147483647;
			files = (
				1639800AC026FEED8D23E662 /* Libbox.xcframework in Frameworks */,
				5658573EF815DA1AB3739A15 /* UIKit.framework in Frameworks */,
				D2F505BB14F1B995D2D45E75 /* libresolv.tbd in Frameworks */,
			);
			runOnlyForDeploymentPostprocessing = 0;
		};
		E01A13A75F50E88EAA086113 /* Frameworks */ = {
			isa = PBXFrameworksBuildPhase;
			buildActionMask = 2147483647;
			files = (
				0396977424280A65BFABC595 /* Libbox.xcframework in Frameworks */,
				9401FFA79774027FBD280DB4 /* libresolv.tbd in Frameworks */,
				FC03629398A7CB33ACC53FF9 /* NetworkExtension.framework in Frameworks */,
				F11CE6FCBBE50A55AD78ACED /* SystemConfiguration.framework in Frameworks */,
				562A41A178547BB7B09D2ECF /* CoreText.framework in Frameworks */,
				5B9934ABE967A742CB0B3F55 /* CoreWLAN.framework in Frameworks */,
				4D6DFA8C750ACBAFD528951D /* IOKit.framework in Frameworks */,
				C124F87CD2E5187CC30A9B7E /* CoreLocation.framework in Frameworks */,
				A9AF5B54FD3F1BADAD20D002 /* AppKit.framework in Frameworks */,
				10B6986CBF783A2FC5E95116 /* UniformTypeIdentifiers.framework in Frameworks */,
				5AF3C70BBBD7392A1974A202 /* ApplicationServices.framework in Frameworks */,
				E0938CD9841F053357114D83 /* UserNotifications.framework in Frameworks */,
				B32A0F68A9DC87E40667DE46 /* libbsm.tbd in Frameworks */,
			);
			runOnlyForDeploymentPostprocessing = 0;
		};
/* End PBXFrameworksBuildPhase section */

/* Begin PBXGroup section */
		2E2F94DBD8C14942FD68B3E5 /* Frameworks */ = {
			isa = PBXGroup;
			children = (
				8E73CF3DFF0B6FDCD16850A0 /* AppKit.framework */,
				0BCD299E5C9055419D2FD8D3 /* ApplicationServices.framework */,
				FFB1DE5C354B901E2D856472 /* CoreLocation.framework */,
				1214C06DA783159BAA0357E1 /* CoreText.framework */,
				8D9164B417B8907702402370 /* CoreWLAN.framework */,
				84931D9F1F9003FD38D6DE5E /* IOKit.framework */,
				CF63E2AA443EBEDBDD3E6F96 /* Libbox.xcframework */,
				35E6D34824714CC2F75B9332 /* libbsm.tbd */,
				A92F8772478D003D40BB6AAB /* libresolv.tbd */,
				F59FAA982F3A7FFCD733CCDC /* NetworkExtension.framework */,
				C7C82F2CD8F5DE3C891A0164 /* SystemConfiguration.framework */,
				8299479DA88A74A43EA300B2 /* UIKit.framework */,
				A9CC086707BD28C31BF3AA01 /* UniformTypeIdentifiers.framework */,
				31CA662E88D9CC904DE604EA /* UserNotifications.framework */,
			);
			name = Frameworks;
			sourceTree = "<group>";
		};
		59C5BB770AD568DFAB1BD09F /* Views */ = {
			isa = PBXGroup;
			children = (
				C569B64AC8B15976A785085F /* AccountView.swift */,
				E080B8299D7A6B432DBD59D5 /* DebugLogsView.swift */,
				D81C205D6C9FBEF449EB5D65 /* EmailSignInView.swift */,
				66D68BA1C481D2B9ADA57782 /* LegalView.swift */,
				CCED65AE5408158D08260301 /* MainView.swift */,
				4545A683D59645E6F742DA60 /* MainViewCalm.swift */,
				037DF0618BBBAAB963EC62E8 /* MainViewNeon.swift */,
				18C29A6F21415EAD6E335742 /* MenuBarContent.swift */,
				FDB36CA61FDCF04FCAF6AA68 /* OnboardingView.swift */,
				1382FBFD0AEC408A724BD830 /* PaywallRouter.swift */,
				4E7AB40F684540E3FACAB3EA /* PaywallView.swift */,
				4A50A25A4F2306519D129E3E /* SettingsView.swift */,
				FCD043B2561D33DECC01588F /* ThemePickerView.swift */,
				E22539E638B1C6567573D8FF /* VPNPermissionPrimerView.swift */,
				9B44609A85EAB85A9BB6E22B /* WebPaywallView.swift */,
			);
			path = Views;
			sourceTree = "<group>";
		};
		71F36B4560CCF771053B603D /* Shared */ = {
			isa = PBXGroup;
			children = (
				D4016E60CA086754CC1BBF19 /* ConfigSanitizer.swift */,
				A45618245E5FC7F91A354178 /* Constants.swift */,
				7533AA628239CD95A1BB7DAB /* KeychainHelper.swift */,
				D465DD76EC827BD967F80B1E /* Logger.swift */,
				E4402AF600E58A978FE510BA /* PlatformDevice.swift */,
				EAADCF80D8C25BF1B60CBAE1 /* PlatformViewExtensions.swift */,
				365EB7F3FEC52C9C51B1ED60 /* RoutingMode.swift */,
				5FEEB58777E4D84D49ED3DDA /* RunBlocking.swift */,
				221A525997AC7F7CA456999C /* StringUtils.swift */,
				11753AAE7E8E48B9A694425D /* TunnelFileLogger.swift */,
			);
			path = Shared;
			sourceTree = "<group>";
		};
		729D4FE490A3F0A93A821E60 /* ChameleonVPN */ = {
			isa = PBXGroup;
			children = (
				726FC571821F22352A852A6E /* Assets.xcassets */,
				420665454AF74620F74B6AAA /* ChameleonApp.swift */,
				714A337924D74D32ECBB513C /* ChameleonVPN.entitlements */,
				BD9FB9344687CFF8D519C5B9 /* Info.plist */,
				AA64087016BE4EC7E684E51A /* Products.storekit */,
				D5D9ADA3EFE9B26EE217DA7D /* Models */,
				87745A89C90C18744BE9D903 /* Resources */,
				59C5BB770AD568DFAB1BD09F /* Views */,
			);
			path = ChameleonVPN;
			sourceTree = "<group>";
		};
		83537F6C9A74A8139FD2848A = {
			isa = PBXGroup;
			children = (
				729D4FE490A3F0A93A821E60 /* ChameleonVPN */,
				B127E92BFAE824AB15C041A3 /* PacketTunnel */,
				71F36B4560CCF771053B603D /* Shared */,
				2E2F94DBD8C14942FD68B3E5 /* Frameworks */,
				AD6F5FC968F3475B86FE5D1B /* Products */,
			);
			sourceTree = "<group>";
		};
		87745A89C90C18744BE9D903 /* Resources */ = {
			isa = PBXGroup;
			children = (
				0BACAB5F6AA66627BF0F2610 /* Localizable.strings */,
			);
			path = Resources;
			sourceTree = "<group>";
		};
		AD6F5FC968F3475B86FE5D1B /* Products */ = {
			isa = PBXGroup;
			children = (
				C96A14126F09B826C276B165 /* Chameleon.app */,
				82C99EB69029B582CFEA3251 /* ChameleonMac.app */,
				73F2FA7A9467E933BF142F71 /* PacketTunnel.appex */,
				EDF42D7FF528B2660FEF0D94 /* PacketTunnelMac.appex */,
			);
			name = Products;
			sourceTree = "<group>";
		};
		B127E92BFAE824AB15C041A3 /* PacketTunnel */ = {
			isa = PBXGroup;
			children = (
				B2E3733BE657BF5D349C4AB1 /* ExtensionPlatformInterface.swift */,
				B613AB9BB3D203C343056E69 /* ExtensionProvider.swift */,
				13171207F9CF6D71943CEA17 /* Info.plist */,
				2D6B422B7059F428D2680530 /* PacketTunnel.entitlements */,
				08B14EDDF16EC945CCC03912 /* PacketTunnelProvider.swift */,
			);
			path = PacketTunnel;
			sourceTree = "<group>";
		};
		D5D9ADA3EFE9B26EE217DA7D /* Models */ = {
			isa = PBXGroup;
			children = (
				8B7380373E467711802949A4 /* APIClient.swift */,
				DCFB6346D7BDAAE6E04CF460 /* AppState.swift */,
				A06772CE401FD8E92E4E0600 /* CommandClient.swift */,
				FC1427098EF08CEAC700CD2C /* ConfigStore.swift */,
				71F5289E1CB7690C10958EE8 /* GoogleAuthCoordinator.swift */,
				4322C4D5AA019348B7B47600 /* Haptics.swift */,
				4C977742D78B702575B34EDB /* L10n.swift */,
				171C8D69FE3BD789A21AFA55 /* PingService.swift */,
				02516E80F9C01BEF9F441EA4 /* PlatformMainApp.swift */,
				86E509671A68D78BD6908FC8 /* ServerGroup.swift */,
				097E8757B669C10962043BA0 /* SubscriptionManager.swift */,
				90C675EE4BC46E36EF3C1526 /* Theme.swift */,
				BBBD6B44CB0BDD1033E4BAC3 /* ThemeManager.swift */,
				1AEC6D2088A34DFF86FC1CF3 /* VPNErrorMapper.swift */,
				C57BC9A4AAADE5C91FA7C580 /* VPNManager.swift */,
			);
			path = Models;
			sourceTree = "<group>";
		};
/* End PBXGroup section */

/* Begin PBXNativeTarget section */
		211E09F852E2ADE75D8D7D6E /* Chameleon */ = {
			isa = PBXNativeTarget;
			buildConfigurationList = C5B3CC1ED59FE124581931B1 /* Build configuration list for PBXNativeTarget "Chameleon" */;
			buildPhases = (
				8C1ECC61961A81ED8F4CD20F /* Sources */,
				1C5CE293379A27ADD368CEBB /* Resources */,
				4B1464D4F2340BF5F7787135 /* Frameworks */,
				37EAFECD808300DEF7800A45 /* Embed Foundation Extensions */,
			);
			buildRules = (
			);
			dependencies = (
				34B985C8F1AE847CDC0729A8 /* PBXTargetDependency */,
			);
			name = Chameleon;
			packageProductDependencies = (
				D0060EAF0EA891E11436DA4F /* GoogleSignIn */,
				A8A0E70D4AB782225670FC65 /* GoogleSignInSwift */,
			);
			productName = Chameleon;
			productReference = C96A14126F09B826C276B165 /* Chameleon.app */;
			productType = "com.apple.product-type.application";
		};
		638E48167C3F3AAB072EC60C /* PacketTunnelMac */ = {
			isa = PBXNativeTarget;
			buildConfigurationList = 3E10851F4CEB6F60C0F67F39 /* Build configuration list for PBXNativeTarget "PacketTunnelMac" */;
			buildPhases = (
				82BDCD7BA965388096B148C0 /* Sources */,
				E01A13A75F50E88EAA086113 /* Frameworks */,
			);
			buildRules = (
			);
			dependencies = (
			);
			name = PacketTunnelMac;
			packageProductDependencies = (
			);
			productName = PacketTunnelMac;
			productReference = EDF42D7FF528B2660FEF0D94 /* PacketTunnelMac.appex */;
			productType = "com.apple.product-type.app-extension";
		};
		AB4E683FAEAB86BF62F98F51 /* PacketTunnel */ = {
			isa = PBXNativeTarget;
			buildConfigurationList = 6AACAA20F19130D53405E163 /* Build configuration list for PBXNativeTarget "PacketTunnel" */;
			buildPhases = (
				EC2C52B59C7AD45858BE4603 /* Sources */,
				63ABEEA359AB528E64A98BF3 /* Frameworks */,
			);
			buildRules = (
			);
			dependencies = (
			);
			name = PacketTunnel;
			packageProductDependencies = (
			);
			productName = PacketTunnel;
			productReference = 73F2FA7A9467E933BF142F71 /* PacketTunnel.appex */;
			productType = "com.apple.product-type.app-extension";
		};
		EFD2426B1694F810FEE0DC47 /* ChameleonMac */ = {
			isa = PBXNativeTarget;
			buildConfigurationList = 6195149572A4278D019F9B72 /* Build configuration list for PBXNativeTarget "ChameleonMac" */;
			buildPhases = (
				C43AA3434CF030525FEA99C7 /* Sources */,
				247528009A2A0E15B3C3E036 /* Resources */,
				378F7472234B4204BA9CDEFD /* Frameworks */,
				27180F0FF5F602F244F15612 /* Embed Foundation Extensions */,
				C70B6E50978AA268B10ACDE6 /* Embed Frameworks */,
			);
			buildRules = (
			);
			dependencies = (
				4109B2C6A976BCD38D012946 /* PBXTargetDependency */,
			);
			name = ChameleonMac;
			packageProductDependencies = (
			);
			productName = ChameleonMac;
			productReference = 82C99EB69029B582CFEA3251 /* ChameleonMac.app */;
			productType = "com.apple.product-type.application";
		};
/* End PBXNativeTarget section */

/* Begin PBXProject section */
		0BD67B7D7A15264FD5ADF092 /* Project object */ = {
			isa = PBXProject;
			attributes = {
				BuildIndependentTargetsInParallel = YES;
				LastUpgradeCheck = 1600;
				TargetAttributes = {
					211E09F852E2ADE75D8D7D6E = {
						DevelopmentTeam = 99W3C374T2;
					};
					638E48167C3F3AAB072EC60C = {
						DevelopmentTeam = 99W3C374T2;
						ProvisioningStyle = Automatic;
					};
					AB4E683FAEAB86BF62F98F51 = {
						DevelopmentTeam = 99W3C374T2;
					};
					EFD2426B1694F810FEE0DC47 = {
						DevelopmentTeam = 99W3C374T2;
						ProvisioningStyle = Automatic;
					};
				};
			};
			buildConfigurationList = 986C6F4F621CAC3C312577B6 /* Build configuration list for PBXProject "Chameleon" */;
			developmentRegion = en;
			hasScannedForEncodings = 0;
			knownRegions = (
				Base,
				en,
				ru,
			);
			mainGroup = 83537F6C9A74A8139FD2848A;
			minimizedProjectReferenceProxies = 1;
			packageReferences = (
				498616A15F42247B1298F7B5 /* XCRemoteSwiftPackageReference "GoogleSignIn-iOS" */,
			);
			preferredProjectObjectVersion = 77;
			productRefGroup = AD6F5FC968F3475B86FE5D1B /* Products */;
			projectDirPath = "";
			projectRoot = "";
			targets = (
				211E09F852E2ADE75D8D7D6E /* Chameleon */,
				EFD2426B1694F810FEE0DC47 /* ChameleonMac */,
				AB4E683FAEAB86BF62F98F51 /* PacketTunnel */,
				638E48167C3F3AAB072EC60C /* PacketTunnelMac */,
			);
		};
/* End PBXProject section */

/* Begin PBXResourcesBuildPhase section */
		1C5CE293379A27ADD368CEBB /* Resources */ = {
			isa = PBXResourcesBuildPhase;
			buildActionMask = 2147483647;
			files = (
				CB96F10983F214FB787A035C /* Assets.xcassets in Resources */,
				E9AEC92A10554F7624AC5A95 /* Localizable.strings in Resources */,
				24332B912C4F86F20F9FFC07 /* Products.storekit in Resources */,
			);
			runOnlyForDeploymentPostprocessing = 0;
		};
		247528009A2A0E15B3C3E036 /* Resources */ = {
			isa = PBXResourcesBuildPhase;
			buildActionMask = 2147483647;
			files = (
				A583FA6FABE41859948190CE /* Assets.xcassets in Resources */,
				130857E7463F97F888385243 /* Localizable.strings in Resources */,
				DA0A8B15A6262990C573A0FF /* Products.storekit in Resources */,
			);
			runOnlyForDeploymentPostprocessing = 0;
		};
/* End PBXResourcesBuildPhase section */

/* Begin PBXSourcesBuildPhase section */
		82BDCD7BA965388096B148C0 /* Sources */ = {
			isa = PBXSourcesBuildPhase;
			buildActionMask = 2147483647;
			files = (
				57B251C66594925870589413 /* ConfigSanitizer.swift in Sources */,
				1FE433EC194702B645C0660A /* Constants.swift in Sources */,
				49EB978983561E0508E3B5C9 /* ExtensionPlatformInterface.swift in Sources */,
				A5A80AE2E32A2A93E416FA91 /* ExtensionProvider.swift in Sources */,
				00F9DD5B3772DF4475B49FB4 /* KeychainHelper.swift in Sources */,
				D99654A0BF7A8050DE610B73 /* Logger.swift in Sources */,
				EA79DDEC6A61CD021D749828 /* PacketTunnelProvider.swift in Sources */,
				93A89D5DC91F2E099A15A0FF /* PlatformDevice.swift in Sources */,
				B5A4B5BCE212A32E89615F12 /* PlatformViewExtensions.swift in Sources */,
				3FC17DAD38CD4580B85BFE53 /* RoutingMode.swift in Sources */,
				CD28519DF1EB536B2FA1F80C /* RunBlocking.swift in Sources */,
				CD9F0B8919F6E08FD8889F8A /* StringUtils.swift in Sources */,
				4C7CE8B64D597BE5E56AE37E /* TunnelFileLogger.swift in Sources */,
			);
			runOnlyForDeploymentPostprocessing = 0;
		};
		8C1ECC61961A81ED8F4CD20F /* Sources */ = {
			isa = PBXSourcesBuildPhase;
			buildActionMask = 2147483647;
			files = (
				3DDDADC7D7F4B959C98F0E7E /* APIClient.swift in Sources */,
				7403D5BC666B83A5449C689F /* AccountView.swift in Sources */,
				C280F42D37BB41241C66A845 /* AppState.swift in Sources */,
				DCB20E516F445F1A67E17242 /* ChameleonApp.swift in Sources */,
				3D51033FA8C74C24DA3C8AEC /* CommandClient.swift in Sources */,
				174BA796324D1262391875BC /* ConfigSanitizer.swift in Sources */,
				1CC85EA650A8633421685E2E /* ConfigStore.swift in Sources */,
				D9083252EC302F9588680DB4 /* Constants.swift in Sources */,
				6C05FDF3E2B5D40809D27DD0 /* DebugLogsView.swift in Sources */,
				91417FA9C8E27A02B46625DC /* EmailSignInView.swift in Sources */,
				08EF71896CDBC3641CC89BB6 /* GoogleAuthCoordinator.swift in Sources */,
				E3AA2A3BD678A030504ADA21 /* Haptics.swift in Sources */,
				97948A75727613FF291A92EC /* KeychainHelper.swift in Sources */,
				5704BAC227DC8FC2FC937DF9 /* L10n.swift in Sources */,
				062C9720B09E7B6E4559448B /* LegalView.swift in Sources */,
				6772211E4E423C30D3D69D14 /* Logger.swift in Sources */,
				F274BEBE2C587AA6217FB1AE /* MainView.swift in Sources */,
				081E456DF9B0BD87196922CB /* MainViewCalm.swift in Sources */,
				4DB4FC4662359485A3E200E3 /* MainViewNeon.swift in Sources */,
				FEEBCFE91ABB1DD642BBE1E9 /* MenuBarContent.swift in Sources */,
				9B5DE79AE51194D9A599FE57 /* OnboardingView.swift in Sources */,
				2377EE8BA264E18992F16220 /* PaywallRouter.swift in Sources */,
				603E08AD0023704FAB351F40 /* PaywallView.swift in Sources */,
				C1A4123A23281325A857AFC3 /* PingService.swift in Sources */,
				CE56B6D2ED38F15B432B9CF4 /* PlatformDevice.swift in Sources */,
				EB21A9F3202BF5C17A4AEFFB /* PlatformMainApp.swift in Sources */,
				0E6AB9E5878F4737F2634344 /* PlatformViewExtensions.swift in Sources */,
				C17E9DAA327FCD9EA78BDA6A /* RoutingMode.swift in Sources */,
				EF0E4CB9726FB660182A57A4 /* RunBlocking.swift in Sources */,
				DC7E375502C52F1D97FE1EAC /* ServerGroup.swift in Sources */,
				22730516B923B6A25AD48411 /* SettingsView.swift in Sources */,
				55B2676AB47DC3894BC2853C /* StringUtils.swift in Sources */,
				45F9A4A9289009E54B3CF77A /* SubscriptionManager.swift in Sources */,
				04AA5CC650B281660752FECB /* Theme.swift in Sources */,
				09ECF14C8E7331F1E2FF9C90 /* ThemeManager.swift in Sources */,
				8229FE971B91CD47D9A9F0E8 /* ThemePickerView.swift in Sources */,
				2038895901967E465B2724F6 /* TunnelFileLogger.swift in Sources */,
				808D398BF959A764FB77EBC2 /* VPNErrorMapper.swift in Sources */,
				E1AA8104C6CBD8CD19896AF8 /* VPNManager.swift in Sources */,
				DE386C299021F97921AD1314 /* VPNPermissionPrimerView.swift in Sources */,
				E937B8E5C0C5D27D70F1D4C1 /* WebPaywallView.swift in Sources */,
			);
			runOnlyForDeploymentPostprocessing = 0;
		};
		C43AA3434CF030525FEA99C7 /* Sources */ = {
			isa = PBXSourcesBuildPhase;
			buildActionMask = 2147483647;
			files = (
				A7BDDD63F8FC661113B82A23 /* APIClient.swift in Sources */,
				B96E47BE0232564E1622F33A /* AccountView.swift in Sources */,
				D686893D9BAE697181E76EC3 /* AppState.swift in Sources */,
				4A3820EEE4423C7E9B504215 /* ChameleonApp.swift in Sources */,
				E348DC71F159AE899252CFEE /* CommandClient.swift in Sources */,
				703A53655F78918991BB9239 /* ConfigSanitizer.swift in Sources */,
				1050DEA8FE7B85C7A6DB28F5 /* ConfigStore.swift in Sources */,
				61820A2F129FE7874D6218A4 /* Constants.swift in Sources */,
				F64220BF9B5C3084129D0D45 /* DebugLogsView.swift in Sources */,
				A6DB622362455B470F0F444B /* EmailSignInView.swift in Sources */,
				095A6578B8F39B881C960CAC /* GoogleAuthCoordinator.swift in Sources */,
				928C53242F019FC4152BCA1E /* Haptics.swift in Sources */,
				2EF38AC970CD2EC7FE6C4F58 /* KeychainHelper.swift in Sources */,
				EA3D7133A035E38CEB338AB8 /* L10n.swift in Sources */,
				E9D0A7E47A65041CBFAB12F3 /* LegalView.swift in Sources */,
				31272067CEB3F274E0205055 /* Logger.swift in Sources */,
				7D10CBEDF979741C21595508 /* MainView.swift in Sources */,
				34188553846855616D08EA7D /* MainViewCalm.swift in Sources */,
				12FDAC6EE656EC2521C99992 /* MainViewNeon.swift in Sources */,
				4D0382460162324965F69067 /* MenuBarContent.swift in Sources */,
				0EF76BB6F18708E0CF845696 /* OnboardingView.swift in Sources */,
				A3D6DBDE29997FA54BBEEDA3 /* PaywallRouter.swift in Sources */,
				E73B38FBB3516BA865687DBC /* PaywallView.swift in Sources */,
				FBE717F8BC2CADE8FD61100F /* PingService.swift in Sources */,
				6BAAF05855F452DE4192E349 /* PlatformDevice.swift in Sources */,
				543D153C05BA376EB143B248 /* PlatformMainApp.swift in Sources */,
				09C33A9ABE8DDBEB412B223F /* PlatformViewExtensions.swift in Sources */,
				642D9E39A3562E0717AC322B /* RoutingMode.swift in Sources */,
				705640BA3A4F21E3917BE92E /* RunBlocking.swift in Sources */,
				A683169378A83630A06C9D49 /* ServerGroup.swift in Sources */,
				D3F2DE4F1C41D4332C44568A /* SettingsView.swift in Sources */,
				58B58DCE7A27C0ADB264A0BB /* StringUtils.swift in Sources */,
				08EC5AE40DE6F9E6FE01776D /* SubscriptionManager.swift in Sources */,
				44C55C55A52231C6ABC6DC64 /* Theme.swift in Sources */,
				F405018196E5487243F8C053 /* ThemeManager.swift in Sources */,
				87B964D6DB3927611FD0E20E /* ThemePickerView.swift in Sources */,
				20628C83DF384EC1D71F3583 /* TunnelFileLogger.swift in Sources */,
				38C6F77D3ABB6D6B2EA539D5 /* VPNErrorMapper.swift in Sources */,
				6ACA514C00D2E9EB79C82D57 /* VPNManager.swift in Sources */,
				F486D5E9F73B5C78F1A377E4 /* VPNPermissionPrimerView.swift in Sources */,
				ECF46B76138D0B84DB6894B1 /* WebPaywallView.swift in Sources */,
			);
			runOnlyForDeploymentPostprocessing = 0;
		};
		EC2C52B59C7AD45858BE4603 /* Sources */ = {
			isa = PBXSourcesBuildPhase;
			buildActionMask = 2147483647;
			files = (
				39D8C9450CD821BB7AA6F329 /* ConfigSanitizer.swift in Sources */,
				7CEC23D452F2C62AC8E889E7 /* Constants.swift in Sources */,
				0F65F443B84C6397E38420E3 /* ExtensionPlatformInterface.swift in Sources */,
				4417CBBDEA850A63D8F5540A /* ExtensionProvider.swift in Sources */,
				8D64B2CD70F75BDB7645FF4A /* KeychainHelper.swift in Sources */,
				EAD1111C1D1726D3B51A6AF2 /* Logger.swift in Sources */,
				47EEE76A81976F7A3F7FB642 /* PacketTunnelProvider.swift in Sources */,
				6F8C31CE11F0B6CBAA98F127 /* PlatformDevice.swift in Sources */,
				B76887930CEEC15D7A96DD4B /* PlatformViewExtensions.swift in Sources */,
				B349A23A90691470B3FD91CD /* RoutingMode.swift in Sources */,
				33D9E14657203DEC43DDBB11 /* RunBlocking.swift in Sources */,
				9CC6597D84E99998BEAF32DB /* StringUtils.swift in Sources */,
				AD6859BDD5B9CE20DA75CD4A /* TunnelFileLogger.swift in Sources */,
			);
			runOnlyForDeploymentPostprocessing = 0;
		};
/* End PBXSourcesBuildPhase section */

/* Begin PBXTargetDependency section */
		34B985C8F1AE847CDC0729A8 /* PBXTargetDependency */ = {
			isa = PBXTargetDependency;
			target = AB4E683FAEAB86BF62F98F51 /* PacketTunnel */;
			targetProxy = 510F77A6721F74049AC21CA7 /* PBXContainerItemProxy */;
		};
		4109B2C6A976BCD38D012946 /* PBXTargetDependency */ = {
			isa = PBXTargetDependency;
			target = 638E48167C3F3AAB072EC60C /* PacketTunnelMac */;
			targetProxy = 03DF9B720CA1B8DA4FE717BB /* PBXContainerItemProxy */;
		};
/* End PBXTargetDependency section */

/* Begin PBXVariantGroup section */
		0BACAB5F6AA66627BF0F2610 /* Localizable.strings */ = {
			isa = PBXVariantGroup;
			children = (
				59E9692276EF9DB6E6365AD3 /* en */,
				84F9C96D0D844CD6E75A11CC /* ru */,
			);
			name = Localizable.strings;
			sourceTree = "<group>";
		};
/* End PBXVariantGroup section */

/* Begin XCBuildConfiguration section */
		0E1A9BF97FA314BEE78212B5 /* Debug */ = {
			isa = XCBuildConfiguration;
			buildSettings = {
				CODE_SIGN_ENTITLEMENTS = PacketTunnelMac/PacketTunnelMac.entitlements;
				CODE_SIGN_STYLE = Automatic;
				COMBINE_HIDPI_IMAGES = YES;
				ENABLE_HARDENED_RUNTIME = YES;
				FRAMEWORK_SEARCH_PATHS = (
					"$(inherited)",
					"\"Frameworks\"",
				);
				INFOPLIST_FILE = PacketTunnelMac/Info.plist;
				LD_RUNPATH_SEARCH_PATHS = "$(inherited) @executable_path/../Frameworks @executable_path/../../../../Frameworks";
				MACOSX_DEPLOYMENT_TARGET = 14.0;
				PRODUCT_BUNDLE_IDENTIFIER = com.madfrog.vpn.mac.tunnel;
				PRODUCT_NAME = PacketTunnelMac;
				SDKROOT = macosx;
			};
			name = Debug;
		};
		36B8352F8C071AED55C4A891 /* Release */ = {
			isa = XCBuildConfiguration;
			buildSettings = {
				ASSETCATALOG_COMPILER_APPICON_NAME = AppIcon;
				CODE_SIGN_ENTITLEMENTS = ChameleonVPN/ChameleonVPN.entitlements;
				CODE_SIGN_IDENTITY = "iPhone Developer";
				ENABLE_BITCODE = NO;
				FRAMEWORK_SEARCH_PATHS = (
					"$(inherited)",
					"\"Frameworks\"",
				);
				INFOPLIST_FILE = ChameleonVPN/Info.plist;
				LD_RUNPATH_SEARCH_PATHS = "$(inherited) @executable_path/Frameworks";
				PRODUCT_BUNDLE_IDENTIFIER = com.madfrog.vpn;
				SDKROOT = iphoneos;
				TARGETED_DEVICE_FAMILY = 1;
			};
			name = Release;
		};
		538C10D9991D5E3FF3A30B0A /* Release */ = {
			isa = XCBuildConfiguration;
			buildSettings = {
				ASSETCATALOG_COMPILER_APPICON_NAME = AppIcon;
				CODE_SIGN_ENTITLEMENTS = ChameleonMac/ChameleonMac.entitlements;
				CODE_SIGN_STYLE = Automatic;
				COMBINE_HIDPI_IMAGES = YES;
				ENABLE_HARDENED_RUNTIME = YES;
				FRAMEWORK_SEARCH_PATHS = (
					"$(inherited)",
					"\"Frameworks\"",
				);
				INFOPLIST_FILE = ChameleonMac/Info.plist;
				LD_RUNPATH_SEARCH_PATHS = "$(inherited) @executable_path/../Frameworks";
				MACOSX_DEPLOYMENT_TARGET = 14.0;
				PRODUCT_BUNDLE_IDENTIFIER = com.madfrog.vpn.mac;
				PRODUCT_NAME = MadFrog;
				SDKROOT = macosx;
			};
			name = Release;
		};
		6A81761B5CEDD7C9DCB7FD36 /* Debug */ = {
			isa = XCBuildConfiguration;
			buildSettings = {
				ALWAYS_SEARCH_USER_PATHS = NO;
				CLANG_ANALYZER_NONNULL = YES;
				CLANG_ANALYZER_NUMBER_OBJECT_CONVERSION = YES_AGGRESSIVE;
				CLANG_CXX_LANGUAGE_STANDARD = "gnu++14";
				CLANG_CXX_LIBRARY = "libc++";
				CLANG_ENABLE_MODULES = YES;
				CLANG_ENABLE_OBJC_ARC = YES;
				CLANG_ENABLE_OBJC_WEAK = YES;
				CLANG_WARN_BLOCK_CAPTURE_AUTORELEASING = YES;
				CLANG_WARN_BOOL_CONVERSION = YES;
				CLANG_WARN_COMMA = YES;
				CLANG_WARN_CONSTANT_CONVERSION = YES;
				CLANG_WARN_DEPRECATED_OBJC_IMPLEMENTATIONS = YES;
				CLANG_WARN_DIRECT_OBJC_ISA_USAGE = YES_ERROR;
				CLANG_WARN_DOCUMENTATION_COMMENTS = YES;
				CLANG_WARN_EMPTY_BODY = YES;
				CLANG_WARN_ENUM_CONVERSION = YES;
				CLANG_WARN_INFINITE_RECURSION = YES;
				CLANG_WARN_INT_CONVERSION = YES;
				CLANG_WARN_NON_LITERAL_NULL_CONVERSION = YES;
				CLANG_WARN_OBJC_IMPLICIT_RETAIN_SELF = YES;
				CLANG_WARN_OBJC_LITERAL_CONVERSION = YES;
				CLANG_WARN_OBJC_ROOT_CLASS = YES_ERROR;
				CLANG_WARN_QUOTED_INCLUDE_IN_FRAMEWORK_HEADER = YES;
				CLANG_WARN_RANGE_LOOP_ANALYSIS = YES;
				CLANG_WARN_STRICT_PROTOTYPES = YES;
				CLANG_WARN_SUSPICIOUS_MOVE = YES;
				CLANG_WARN_UNGUARDED_AVAILABILITY = YES_AGGRESSIVE;
				CLANG_WARN_UNREACHABLE_CODE = YES;
				CLANG_WARN__DUPLICATE_METHOD_MATCH = YES;
				COPY_PHASE_STRIP = NO;
				CURRENT_PROJECT_VERSION = 22;
				DEBUG_INFORMATION_FORMAT = dwarf;
				DEVELOPMENT_TEAM = 99W3C374T2;
				ENABLE_STRICT_OBJC_MSGSEND = YES;
				ENABLE_TESTABILITY = YES;
				GCC_C_LANGUAGE_STANDARD = gnu11;
				GCC_DYNAMIC_NO_PIC = NO;
				GCC_NO_COMMON_BLOCKS = YES;
				GCC_OPTIMIZATION_LEVEL = 0;
				GCC_PREPROCESSOR_DEFINITIONS = (
					"$(inherited)",
					"DEBUG=1",
				);
				GCC_WARN_64_TO_32_BIT_CONVERSION = YES;
				GCC_WARN_ABOUT_RETURN_TYPE = YES_ERROR;
				GCC_WARN_UNDECLARED_SELECTOR = YES;
				GCC_WARN_UNINITIALIZED_AUTOS = YES_AGGRESSIVE;
				GCC_WARN_UNUSED_FUNCTION = YES;
				GCC_WARN_UNUSED_VARIABLE = YES;
				IPHONEOS_DEPLOYMENT_TARGET = 17.0;
				MACOSX_DEPLOYMENT_TARGET = 14.0;
				MARKETING_VERSION = 1.0.19;
				MTL_ENABLE_DEBUG_INFO = INCLUDE_SOURCE;
				MTL_FAST_MATH = YES;
				ONLY_ACTIVE_ARCH = YES;
				PRODUCT_NAME = "$(TARGET_NAME)";
				SWIFT_ACTIVE_COMPILATION_CONDITIONS = DEBUG;
				SWIFT_OPTIMIZATION_LEVEL = "-Onone";
				SWIFT_VERSION = 5.10;
				TARGETED_DEVICE_FAMILY = 1;
			};
			name = Debug;
		};
		6BA7B736E12EF594CAF9EB82 /* Debug */ = {
			isa = XCBuildConfiguration;
			buildSettings = {
				CODE_SIGN_ENTITLEMENTS = PacketTunnel/PacketTunnel.entitlements;
				ENABLE_BITCODE = NO;
				FRAMEWORK_SEARCH_PATHS = (
					"$(inherited)",
					"\"Frameworks\"",
				);
				INFOPLIST_FILE = PacketTunnel/Info.plist;
				LD_RUNPATH_SEARCH_PATHS = "$(inherited) @executable_path/Frameworks @executable_path/../../Frameworks";
				PRODUCT_BUNDLE_IDENTIFIER = com.madfrog.vpn.tunnel;
				SDKROOT = iphoneos;
				TARGETED_DEVICE_FAMILY = 1;
			};
			name = Debug;
		};
		844859777289454D8DC42DE9 /* Debug */ = {
			isa = XCBuildConfiguration;
			buildSettings = {
				ASSETCATALOG_COMPILER_APPICON_NAME = AppIcon;
				CODE_SIGN_ENTITLEMENTS = ChameleonVPN/ChameleonVPN.entitlements;
				CODE_SIGN_IDENTITY = "iPhone Developer";
				ENABLE_BITCODE = NO;
				FRAMEWORK_SEARCH_PATHS = (
					"$(inherited)",
					"\"Frameworks\"",
				);
				INFOPLIST_FILE = ChameleonVPN/Info.plist;
				LD_RUNPATH_SEARCH_PATHS = "$(inherited) @executable_path/Frameworks";
				PRODUCT_BUNDLE_IDENTIFIER = com.madfrog.vpn;
				SDKROOT = iphoneos;
				TARGETED_DEVICE_FAMILY = 1;
			};
			name = Debug;
		};
		D94E97FADA900CFC3C4EEC8B /* Debug */ = {
			isa = XCBuildConfiguration;
			buildSettings = {
				ASSETCATALOG_COMPILER_APPICON_NAME = AppIcon;
				CODE_SIGN_ENTITLEMENTS = ChameleonMac/ChameleonMac.entitlements;
				CODE_SIGN_STYLE = Automatic;
				COMBINE_HIDPI_IMAGES = YES;
				ENABLE_HARDENED_RUNTIME = YES;
				FRAMEWORK_SEARCH_PATHS = (
					"$(inherited)",
					"\"Frameworks\"",
				);
				INFOPLIST_FILE = ChameleonMac/Info.plist;
				LD_RUNPATH_SEARCH_PATHS = "$(inherited) @executable_path/../Frameworks";
				MACOSX_DEPLOYMENT_TARGET = 14.0;
				PRODUCT_BUNDLE_IDENTIFIER = com.madfrog.vpn.mac;
				PRODUCT_NAME = MadFrog;
				SDKROOT = macosx;
			};
			name = Debug;
		};
		E2762269B0D24C4918210E88 /* Release */ = {
			isa = XCBuildConfiguration;
			buildSettings = {
				ALWAYS_SEARCH_USER_PATHS = NO;
				CLANG_ANALYZER_NONNULL = YES;
				CLANG_ANALYZER_NUMBER_OBJECT_CONVERSION = YES_AGGRESSIVE;
				CLANG_CXX_LANGUAGE_STANDARD = "gnu++14";
				CLANG_CXX_LIBRARY = "libc++";
				CLANG_ENABLE_MODULES = YES;
				CLANG_ENABLE_OBJC_ARC = YES;
				CLANG_ENABLE_OBJC_WEAK = YES;
				CLANG_WARN_BLOCK_CAPTURE_AUTORELEASING = YES;
				CLANG_WARN_BOOL_CONVERSION = YES;
				CLANG_WARN_COMMA = YES;
				CLANG_WARN_CONSTANT_CONVERSION = YES;
				CLANG_WARN_DEPRECATED_OBJC_IMPLEMENTATIONS = YES;
				CLANG_WARN_DIRECT_OBJC_ISA_USAGE = YES_ERROR;
				CLANG_WARN_DOCUMENTATION_COMMENTS = YES;
				CLANG_WARN_EMPTY_BODY = YES;
				CLANG_WARN_ENUM_CONVERSION = YES;
				CLANG_WARN_INFINITE_RECURSION = YES;
				CLANG_WARN_INT_CONVERSION = YES;
				CLANG_WARN_NON_LITERAL_NULL_CONVERSION = YES;
				CLANG_WARN_OBJC_IMPLICIT_RETAIN_SELF = YES;
				CLANG_WARN_OBJC_LITERAL_CONVERSION = YES;
				CLANG_WARN_OBJC_ROOT_CLASS = YES_ERROR;
				CLANG_WARN_QUOTED_INCLUDE_IN_FRAMEWORK_HEADER = YES;
				CLANG_WARN_RANGE_LOOP_ANALYSIS = YES;
				CLANG_WARN_STRICT_PROTOTYPES = YES;
				CLANG_WARN_SUSPICIOUS_MOVE = YES;
				CLANG_WARN_UNGUARDED_AVAILABILITY = YES_AGGRESSIVE;
				CLANG_WARN_UNREACHABLE_CODE = YES;
				CLANG_WARN__DUPLICATE_METHOD_MATCH = YES;
				COPY_PHASE_STRIP = NO;
				CURRENT_PROJECT_VERSION = 22;
				DEBUG_INFORMATION_FORMAT = "dwarf-with-dsym";
				DEVELOPMENT_TEAM = 99W3C374T2;
				ENABLE_NS_ASSERTIONS = NO;
				ENABLE_STRICT_OBJC_MSGSEND = YES;
				GCC_C_LANGUAGE_STANDARD = gnu11;
				GCC_NO_COMMON_BLOCKS = YES;
				GCC_WARN_64_TO_32_BIT_CONVERSION = YES;
				GCC_WARN_ABOUT_RETURN_TYPE = YES_ERROR;
				GCC_WARN_UNDECLARED_SELECTOR = YES;
				GCC_WARN_UNINITIALIZED_AUTOS = YES_AGGRESSIVE;
				GCC_WARN_UNUSED_FUNCTION = YES;
				GCC_WARN_UNUSED_VARIABLE = YES;
				IPHONEOS_DEPLOYMENT_TARGET = 17.0;
				MACOSX_DEPLOYMENT_TARGET = 14.0;
				MARKETING_VERSION = 1.0.19;
				MTL_ENABLE_DEBUG_INFO = NO;
				MTL_FAST_MATH = YES;
				PRODUCT_NAME = "$(TARGET_NAME)";
				SWIFT_COMPILATION_MODE = wholemodule;
				SWIFT_OPTIMIZATION_LEVEL = "-O";
				SWIFT_VERSION = 5.10;
				TARGETED_DEVICE_FAMILY = 1;
			};
			name = Release;
		};
		E3A2F95C180B030642185A49 /* Release */ = {
			isa = XCBuildConfiguration;
			buildSettings = {
				CODE_SIGN_ENTITLEMENTS = PacketTunnelMac/PacketTunnelMac.entitlements;
				CODE_SIGN_STYLE = Automatic;
				COMBINE_HIDPI_IMAGES = YES;
				ENABLE_HARDENED_RUNTIME = YES;
				FRAMEWORK_SEARCH_PATHS = (
					"$(inherited)",
					"\"Frameworks\"",
				);
				INFOPLIST_FILE = PacketTunnelMac/Info.plist;
				LD_RUNPATH_SEARCH_PATHS = "$(inherited) @executable_path/../Frameworks @executable_path/../../../../Frameworks";
				MACOSX_DEPLOYMENT_TARGET = 14.0;
				PRODUCT_BUNDLE_IDENTIFIER = com.madfrog.vpn.mac.tunnel;
				PRODUCT_NAME = PacketTunnelMac;
				SDKROOT = macosx;
			};
			name = Release;
		};
		EAAB773CAACE2DFBB500E02D /* Release */ = {
			isa = XCBuildConfiguration;
			buildSettings = {
				CODE_SIGN_ENTITLEMENTS = PacketTunnel/PacketTunnel.entitlements;
				ENABLE_BITCODE = NO;
				FRAMEWORK_SEARCH_PATHS = (
					"$(inherited)",
					"\"Frameworks\"",
				);
				INFOPLIST_FILE = PacketTunnel/Info.plist;
				LD_RUNPATH_SEARCH_PATHS = "$(inherited) @executable_path/Frameworks @executable_path/../../Frameworks";
				PRODUCT_BUNDLE_IDENTIFIER = com.madfrog.vpn.tunnel;
				SDKROOT = iphoneos;
				TARGETED_DEVICE_FAMILY = 1;
			};
			name = Release;
		};
/* End XCBuildConfiguration section */

/* Begin XCConfigurationList section */
		3E10851F4CEB6F60C0F67F39 /* Build configuration list for PBXNativeTarget "PacketTunnelMac" */ = {
			isa = XCConfigurationList;
			buildConfigurations = (
				0E1A9BF97FA314BEE78212B5 /* Debug */,
				E3A2F95C180B030642185A49 /* Release */,
			);
			defaultConfigurationIsVisible = 0;
			defaultConfigurationName = Release;
		};
		6195149572A4278D019F9B72 /* Build configuration list for PBXNativeTarget "ChameleonMac" */ = {
			isa = XCConfigurationList;
			buildConfigurations = (
				D94E97FADA900CFC3C4EEC8B /* Debug */,
				538C10D9991D5E3FF3A30B0A /* Release */,
			);
			defaultConfigurationIsVisible = 0;
			defaultConfigurationName = Release;
		};
		6AACAA20F19130D53405E163 /* Build configuration list for PBXNativeTarget "PacketTunnel" */ = {
			isa = XCConfigurationList;
			buildConfigurations = (
				6BA7B736E12EF594CAF9EB82 /* Debug */,
				EAAB773CAACE2DFBB500E02D /* Release */,
			);
			defaultConfigurationIsVisible = 0;
			defaultConfigurationName = Release;
		};
		986C6F4F621CAC3C312577B6 /* Build configuration list for PBXProject "Chameleon" */ = {
			isa = XCConfigurationList;
			buildConfigurations = (
				6A81761B5CEDD7C9DCB7FD36 /* Debug */,
				E2762269B0D24C4918210E88 /* Release */,
			);
			defaultConfigurationIsVisible = 0;
			defaultConfigurationName = Release;
		};
		C5B3CC1ED59FE124581931B1 /* Build configuration list for PBXNativeTarget "Chameleon" */ = {
			isa = XCConfigurationList;
			buildConfigurations = (
				844859777289454D8DC42DE9 /* Debug */,
				36B8352F8C071AED55C4A891 /* Release */,
			);
			defaultConfigurationIsVisible = 0;
			defaultConfigurationName = Release;
		};
/* End XCConfigurationList section */

/* Begin XCRemoteSwiftPackageReference section */
		498616A15F42247B1298F7B5 /* XCRemoteSwiftPackageReference "GoogleSignIn-iOS" */ = {
			isa = XCRemoteSwiftPackageReference;
			repositoryURL = "https://github.com/google/GoogleSignIn-iOS";
			requirement = {
				kind = upToNextMajorVersion;
				minimumVersion = 7.1.0;
			};
		};
/* End XCRemoteSwiftPackageReference section */

/* Begin XCSwiftPackageProductDependency section */
		A8A0E70D4AB782225670FC65 /* GoogleSignInSwift */ = {
			isa = XCSwiftPackageProductDependency;
			package = 498616A15F42247B1298F7B5 /* XCRemoteSwiftPackageReference "GoogleSignIn-iOS" */;
			productName = GoogleSignInSwift;
		};
		D0060EAF0EA891E11436DA4F /* GoogleSignIn */ = {
			isa = XCSwiftPackageProductDependency;
			package = 498616A15F42247B1298F7B5 /* XCRemoteSwiftPackageReference "GoogleSignIn-iOS" */;
			productName = GoogleSignIn;
		};
/* End XCSwiftPackageProductDependency section */
	};
	rootObject = 0BD67B7D7A15264FD5ADF092 /* Project object */;
}
